
Microsoft Visual Studio Solution File, Format Version 12.00
# Visual Studio 15
VisualStudioVersion = 15.0.27428.2015
MinimumVisualStudioVersion = 10.0.40219.1
Project("{9A19103F-16F7-4668-BE54-9A1E7A4F7556}") = "Demo.IdentityServer", "Demo.IdentityServer.csproj", "{46FDF07C-1FCF-4071-8160-423F5159118D}"
EndProject
Global
	GlobalSection(SolutionConfigurationPlatforms) = preSolution
		Debug|Any CPU = Debug|Any CPU
		Release|Any CPU = Release|Any CPU
	EndGlobalSection
	GlobalSection(ProjectConfigurationPlatforms) = postSolution
		{46FDF07C-1FCF-4071-8160-423F5159118D}.Debug|Any CPU.ActiveCfg = Debug|Any CPU
		{46FDF07C-1FCF-4071-8160-423F5159118D}.Debug|Any CPU.Build.0 = Debug|Any CPU
		{46FDF07C-1FCF-4071-8160-423F5159118D}.Release|Any CPU.ActiveCfg = Release|Any CPU
		{46FDF07C-1FCF-4071-8160-423F5159118D}.Release|Any CPU.Build.0 = Release|Any CPU
	EndGlobalSection
	GlobalSection(SolutionProperties) = preSolution
		HideSolutionNode = FALSE
	EndGlobalSection
	GlobalSection(ExtensibilityGlobals) = postSolution
		SolutionGuid = {F211AB74-0057-4774-BC16-BDE320AA949B}
	EndGlobalSection
EndGlobal
